
Microsoft Visual Studio Solution File, Format Version 12.00
# Visual Studio Version 17
VisualStudioVersion = 17.14.36221.1 d17.14
MinimumVisualStudioVersion = 10.0.40219.1
Project("{FAE04EC0-301F-11D3-BF4B-00C04F79EFBC}") = "E-commerce_FawryTask", "E-commerce_FawryTask\E-commerce_FawryTask.csproj", "{47674524-633F-4314-96C8-DE61B2C378B0}"
EndProject
Global
	GlobalSection(SolutionConfigurationPlatforms) = preSolution
		Debug|Any CPU = Debug|Any CPU
		Release|Any CPU = Release|Any CPU
	EndGlobalSection
	GlobalSection(ProjectConfigurationPlatforms) = postSolution
		{47674524-633F-4314-96C8-DE61B2C378B0}.Debug|Any CPU.ActiveCfg = Debug|Any CPU
		{47674524-633F-4314-96C8-DE61B2C378B0}.Debug|Any CPU.Build.0 = Debug|Any CPU
		{47674524-633F-4314-96C8-DE61B2C378B0}.Release|Any CPU.ActiveCfg = Release|Any CPU
		{47674524-633F-4314-96C8-DE61B2C378B0}.Release|Any CPU.Build.0 = Release|Any CPU
	EndGlobalSection
	GlobalSection(SolutionProperties) = preSolution
		HideSolutionNode = FALSE
	EndGlobalSection
	GlobalSection(ExtensibilityGlobals) = postSolution
		SolutionGuid = {207AFB38-E7D8-4F33-A1C0-E8D6F9A7E6FC}
	EndGlobalSection
EndGlobal
